
Microsoft Visual Studio Solution File, Format Version 12.00
# Visual Studio Version 16
VisualStudioVersion = 16.0.30804.86
MinimumVisualStudioVersion = 10.0.40219.1
Project("{FAE04EC0-301F-11D3-BF4B-00C04F79EFBC}") = "BareBonesKestrel", "BareBonesKestrel.csproj", "{A35104F0-ED6B-411B-B69C-AD50612B68E3}"
EndProject
Global
	GlobalSection(SolutionConfigurationPlatforms) = preSolution
		Debug|Any CPU = Debug|Any CPU
		Release|Any CPU = Release|Any CPU
	EndGlobalSection
	GlobalSection(ProjectConfigurationPlatforms) = postSolution
		{A35104F0-ED6B-411B-B69C-AD50612B68E3}.Debug|Any CPU.ActiveCfg = Debug|Any CPU
		{A35104F0-ED6B-411B-B69C-AD50612B68E3}.Debug|Any CPU.Build.0 = Debug|Any CPU
		{A35104F0-ED6B-411B-B69C-AD50612B68E3}.Release|Any CPU.ActiveCfg = Release|Any CPU
		{A35104F0-ED6B-411B-B69C-AD50612B68E3}.Release|Any CPU.Build.0 = Release|Any CPU
	EndGlobalSection
	GlobalSection(SolutionProperties) = preSolution
		HideSolutionNode = FALSE
	EndGlobalSection
	GlobalSection(ExtensibilityGlobals) = postSolution
		SolutionGuid = {7A6D6B89-8E1C-40A1-91ED-B7AA5416728A}
	EndGlobalSection
EndGlobal
